
Microsoft Visual Studio Solution File, Format Version 12.00
# Visual Studio Version 16
VisualStudioVersion = 16.0.30804.86
MinimumVisualStudioVersion = 10.0.40219.1
Project("{888888A0-9F3D-457C-B088-3A5042F75D52}") = "cmrset-examples", "cmrset-examples.pyproj", "{FF57C95D-80D4-4DA0-A8FD-435FB54EA7AD}"
EndProject
Global
	GlobalSection(SolutionConfigurationPlatforms) = preSolution
		Debug|Any CPU = Debug|Any CPU
		Release|Any CPU = Release|Any CPU
	EndGlobalSection
	GlobalSection(ProjectConfigurationPlatforms) = postSolution
		{FF57C95D-80D4-4DA0-A8FD-435FB54EA7AD}.Debug|Any CPU.ActiveCfg = Debug|Any CPU
		{FF57C95D-80D4-4DA0-A8FD-435FB54EA7AD}.Release|Any CPU.ActiveCfg = Release|Any CPU
	EndGlobalSection
	GlobalSection(SolutionProperties) = preSolution
		HideSolutionNode = FALSE
	EndGlobalSection
	GlobalSection(ExtensibilityGlobals) = postSolution
		SolutionGuid = {93FC1393-04F6-4603-9235-C0975A4FB96B}
	EndGlobalSection
EndGlobal
